# THIS IS AN AUTOGENERATED FILE. DO NOT EDIT THIS FILE DIRECTLY.
# yarn lockfile v1


framer-motion@^12.7.4:
  version "12.7.4"
  resolved "https://registry.yarnpkg.com/framer-motion/-/framer-motion-12.7.4.tgz#50aeb8b5b5a672dea931bdb74956d7b526bf0b4b"
  integrity sha512-jX0bPsTmU0oPZTYz/dVyD0dmOyEOEJvdn0TaZBE5I8g2GvVnnQnW9f65cJnoVfUkY3WZWNXGXnPbVA9YnaIfVA==
  dependencies:
    motion-dom "^12.7.4"
    motion-utils "^12.7.2"
    tslib "^2.4.0"

motion-dom@^12.7.4:
  version "12.7.4"
  resolved "https://registry.yarnpkg.com/motion-dom/-/motion-dom-12.7.4.tgz#80f5f8d706e94bc29f6f4f4afa300ff9e1f976a2"
  integrity sha512-1ZUHAoSUMMxP6jPqyxlk9XUfb6NxMsnWPnH2YGhrOhTURLcXWbETi6eemoKb60Pe32NVJYduL4B62VQSO5Jq8Q==
  dependencies:
    motion-utils "^12.7.2"

motion-utils@^12.7.2:
  version "12.7.2"
  resolved "https://registry.yarnpkg.com/motion-utils/-/motion-utils-12.7.2.tgz#99b673d8851583b325bd0c8b0f04c5bf42b9b818"
  integrity sha512-XhZwqctxyJs89oX00zn3OGCuIIpVevbTa+u82usWBC6pSHUd2AoNWiYa7Du8tJxJy9TFbZ82pcn5t7NOm1PHAw==

tailwindcss-animate@^1.0.7:
  version "1.0.7"
  resolved "https://registry.yarnpkg.com/tailwindcss-animate/-/tailwindcss-animate-1.0.7.tgz#318b692c4c42676cc9e67b19b78775742388bef4"
  integrity sha512-bl6mpH3T7I3UFxuvDEXLxy/VuFxBk5bbzplh7tXI68mwMokNYd1t9qPBHlnyTwfa4JGC4zP516I1hYYtQ/vspA==

tslib@^2.4.0:
  version "2.8.1"
  resolved "https://registry.yarnpkg.com/tslib/-/tslib-2.8.1.tgz#612efe4ed235d567e8aba5f2a5fab70280ade83f"
  integrity sha512-oJFu94HQb+KVduSUQL7wnpmqnfmLsOA/nAh6b6EH0wCEoK0/mPeXU6c3wKDV83MkOuHPRHtSXKKU99IBazS/2w==
